
Microsoft Visual Studio Solution File, Format Version 12.00
# Visual Studio Version 17
VisualStudioVersion = 17.9.34616.47
MinimumVisualStudioVersion = 10.0.40219.1
Project("{2150E333-8FDC-42A3-9474-1A3956D46DE8}") = "src", "src", "{FADDCA2D-E0F1-4074-8E26-1041E87EA9B5}"
EndProject
Project("{2150E333-8FDC-42A3-9474-1A3956D46DE8}") = "tests", "tests", "{1853B7E4-486C-47C2-952D-04772F576DD0}"
EndProject
Project("{9A19103F-16F7-4668-BE54-9A1E7A4F7556}") = "Web", "src\Web\Web.csproj", "{BB236ECE-37AA-452D-9FDD-0B623DE78F27}"
EndProject
Project("{9A19103F-16F7-4668-BE54-9A1E7A4F7556}") = "Infrastructure", "src\Infrastructure\Infrastructure.csproj", "{9989BCCB-00B0-41A7-B958-B96722ACF94F}"
EndProject
Project("{9A19103F-16F7-4668-BE54-9A1E7A4F7556}") = "ApplicationCore", "src\ApplicationCore\ApplicationCore.csproj", "{C84A8CBA-1883-497A-8E05-D967676A29CF}"
EndProject
Project("{9A19103F-16F7-4668-BE54-9A1E7A4F7556}") = "UnitTests", "tests\UnitTests\UnitTests.csproj", "{3ECE4DEF-F9AB-4E5C-A96A-67EF35B52F60}"
EndProject
Project("{2150E333-8FDC-42A3-9474-1A3956D46DE8}") = "Solution Items", "Solution Items", "{85B25EC2-1CB0-4486-B5AD-D4A9A82D8938}"
	ProjectSection(SolutionItems) = preProject
		README.md = README.md
	EndProjectSection
EndProject
Global
	GlobalSection(SolutionConfigurationPlatforms) = preSolution
		Debug|Any CPU = Debug|Any CPU
		Release|Any CPU = Release|Any CPU
	EndGlobalSection
	GlobalSection(ProjectConfigurationPlatforms) = postSolution
		{BB236ECE-37AA-452D-9FDD-0B623DE78F27}.Debug|Any CPU.ActiveCfg = Debug|Any CPU
		{BB236ECE-37AA-452D-9FDD-0B623DE78F27}.Debug|Any CPU.Build.0 = Debug|Any CPU
		{BB236ECE-37AA-452D-9FDD-0B623DE78F27}.Release|Any CPU.ActiveCfg = Release|Any CPU
		{BB236ECE-37AA-452D-9FDD-0B623DE78F27}.Release|Any CPU.Build.0 = Release|Any CPU
		{9989BCCB-00B0-41A7-B958-B96722ACF94F}.Debug|Any CPU.ActiveCfg = Debug|Any CPU
		{9989BCCB-00B0-41A7-B958-B96722ACF94F}.Debug|Any CPU.Build.0 = Debug|Any CPU
		{9989BCCB-00B0-41A7-B958-B96722ACF94F}.Release|Any CPU.ActiveCfg = Release|Any CPU
		{9989BCCB-00B0-41A7-B958-B96722ACF94F}.Release|Any CPU.Build.0 = Release|Any CPU
		{C84A8CBA-1883-497A-8E05-D967676A29CF}.Debug|Any CPU.ActiveCfg = Debug|Any CPU
		{C84A8CBA-1883-497A-8E05-D967676A29CF}.Debug|Any CPU.Build.0 = Debug|Any CPU
		{C84A8CBA-1883-497A-8E05-D967676A29CF}.Release|Any CPU.ActiveCfg = Release|Any CPU
		{C84A8CBA-1883-497A-8E05-D967676A29CF}.Release|Any CPU.Build.0 = Release|Any CPU
		{3ECE4DEF-F9AB-4E5C-A96A-67EF35B52F60}.Debug|Any CPU.ActiveCfg = Debug|Any CPU
		{3ECE4DEF-F9AB-4E5C-A96A-67EF35B52F60}.Debug|Any CPU.Build.0 = Debug|Any CPU
		{3ECE4DEF-F9AB-4E5C-A96A-67EF35B52F60}.Release|Any CPU.ActiveCfg = Release|Any CPU
		{3ECE4DEF-F9AB-4E5C-A96A-67EF35B52F60}.Release|Any CPU.Build.0 = Release|Any CPU
	EndGlobalSection
	GlobalSection(SolutionProperties) = preSolution
		HideSolutionNode = FALSE
	EndGlobalSection
	GlobalSection(NestedProjects) = preSolution
		{BB236ECE-37AA-452D-9FDD-0B623DE78F27} = {FADDCA2D-E0F1-4074-8E26-1041E87EA9B5}
		{9989BCCB-00B0-41A7-B958-B96722ACF94F} = {FADDCA2D-E0F1-4074-8E26-1041E87EA9B5}
		{C84A8CBA-1883-497A-8E05-D967676A29CF} = {FADDCA2D-E0F1-4074-8E26-1041E87EA9B5}
		{3ECE4DEF-F9AB-4E5C-A96A-67EF35B52F60} = {1853B7E4-486C-47C2-952D-04772F576DD0}
	EndGlobalSection
	GlobalSection(ExtensibilityGlobals) = postSolution
		SolutionGuid = {AEB1CFA2-2F18-4F25-8D0A-81D225A43D5D}
	EndGlobalSection
EndGlobal
